// !$*UTF8*$!
{
	archiveVersion = 1;
	classes = {
	};
	objectVersion = 50;
	objects = {

/* Begin PBXBuildFile section */
		C63A12CB269B1226002C000B /* Hash.swift in Sources */ = {isa = PBXBuildFile; fileRef = C63A12CA269B1226002C000B /* Hash.swift */; };
		C63A12CE269B12F7002C000B /* Tree.swift in Sources */ = {isa = PBXBuildFile; fileRef = C63A12CD269B12F7002C000B /* Tree.swift */; };
		D0954444269473680097F630 /* AppDelegate.swift in Sources */ = {isa = PBXBuildFile; fileRef = D0954443269473680097F630 /* AppDelegate.swift */; };
		D0954446269473680097F630 /* SceneDelegate.swift in Sources */ = {isa = PBXBuildFile; fileRef = D0954445269473680097F630 /* SceneDelegate.swift */; };
		D0954448269473680097F630 /* ViewController.swift in Sources */ = {isa = PBXBuildFile; fileRef = D0954447269473680097F630 /* ViewController.swift */; };
		D095444B269473680097F630 /* Main.storyboard in Resources */ = {isa = PBXBuildFile; fileRef = D0954449269473680097F630 /* Main.storyboard */; };
		D095444D2694736A0097F630 /* Assets.xcassets in Resources */ = {isa = PBXBuildFile; fileRef = D095444C2694736A0097F630 /* Assets.xcassets */; };
		D09544502694736A0097F630 /* LaunchScreen.storyboard in Resources */ = {isa = PBXBuildFile; fileRef = D095444E2694736A0097F630 /* LaunchScreen.storyboard */; };
		D0954459269473B40097F630 /* Array.swift in Sources */ = {isa = PBXBuildFile; fileRef = D0954458269473B40097F630 /* Array.swift */; };
		D095445D2695A0FA0097F630 /* String.swift in Sources */ = {isa = PBXBuildFile; fileRef = D095445C2695A0FA0097F630 /* String.swift */; };
/* End PBXBuildFile section */

/* Begin PBXFileReference section */
		C63A12CA269B1226002C000B /* Hash.swift */ = {isa = PBXFileReference; lastKnownFileType = sourcecode.swift; path = Hash.swift; sourceTree = "<group>"; };
		C63A12CD269B12F7002C000B /* Tree.swift */ = {isa = PBXFileReference; lastKnownFileType = sourcecode.swift; path = Tree.swift; sourceTree = "<group>"; };
		D0954440269473680097F630 /* ALG.app */ = {isa = PBXFileReference; explicitFileType = wrapper.application; includeInIndex = 0; path = ALG.app; sourceTree = BUILT_PRODUCTS_DIR; };
		D0954443269473680097F630 /* AppDelegate.swift */ = {isa = PBXFileReference; lastKnownFileType = sourcecode.swift; path = AppDelegate.swift; sourceTree = "<group>"; };
		D0954445269473680097F630 /* SceneDelegate.swift */ = {isa = PBXFileReference; lastKnownFileType = sourcecode.swift; path = SceneDelegate.swift; sourceTree = "<group>"; };
		D0954447269473680097F630 /* ViewController.swift */ = {isa = PBXFileReference; lastKnownFileType = sourcecode.swift; path = ViewController.swift; sourceTree = "<group>"; };
		D095444A269473680097F630 /* Base */ = {isa = PBXFileReference; lastKnownFileType = file.storyboard; name = Base; path = Base.lproj/Main.storyboard; sourceTree = "<group>"; };
		D095444C2694736A0097F630 /* Assets.xcassets */ = {isa = PBXFileReference; lastKnownFileType = folder.assetcatalog; path = Assets.xcassets; sourceTree = "<group>"; };
		D095444F2694736A0097F630 /* Base */ = {isa = PBXFileReference; lastKnownFileType = file.storyboard; name = Base; path = Base.lproj/LaunchScreen.storyboard; sourceTree = "<group>"; };
		D09544512694736A0097F630 /* Info.plist */ = {isa = PBXFileReference; lastKnownFileType = text.plist.xml; path = Info.plist; sourceTree = "<group>"; };
		D0954458269473B40097F630 /* Array.swift */ = {isa = PBXFileReference; lastKnownFileType = sourcecode.swift; path = Array.swift; sourceTree = "<group>"; };
		D095445C2695A0FA0097F630 /* String.swift */ = {isa = PBXFileReference; lastKnownFileType = sourcecode.swift; path = String.swift; sourceTree = "<group>"; };
		D09544622696CC4F0097F630 /* Test.playground */ = {isa = PBXFileReference; lastKnownFileType = file.playground; path = Test.playground; sourceTree = "<group>"; xcLanguageSpecificationIdentifier = xcode.lang.swift; };
		D09544642696CCF30097F630 /* MyPlayground.playground */ = {isa = PBXFileReference; lastKnownFileType = file.playground; path = MyPlayground.playground; sourceTree = "<group>"; xcLanguageSpecificationIdentifier = xcode.lang.swift; };
/* End PBXFileReference section */

/* Begin PBXFrameworksBuildPhase section */
		D095443D269473680097F630 /* Frameworks */ = {
			isa = PBXFrameworksBuildPhase;
			buildActionMask = 2147483647;
			files = (
			);
			runOnlyForDeploymentPostprocessing = 0;
		};
/* End PBXFrameworksBuildPhase section */

/* Begin PBXGroup section */
		D0954437269473680097F630 = {
			isa = PBXGroup;
			children = (
				D0954442269473680097F630 /* ALG */,
				D0954441269473680097F630 /* Products */,
			);
			sourceTree = "<group>";
			usesTabs = 1;
		};
		D0954441269473680097F630 /* Products */ = {
			isa = PBXGroup;
			children = (
				D0954440269473680097F630 /* ALG.app */,
			);
			name = Products;
			sourceTree = "<group>";
		};
		D0954442269473680097F630 /* ALG */ = {
			isa = PBXGroup;
			children = (
				D0954443269473680097F630 /* AppDelegate.swift */,
				D0954445269473680097F630 /* SceneDelegate.swift */,
				D0954447269473680097F630 /* ViewController.swift */,
				D0954458269473B40097F630 /* Array.swift */,
				D095445C2695A0FA0097F630 /* String.swift */,
				C63A12CA269B1226002C000B /* Hash.swift */,
				C63A12CD269B12F7002C000B /* Tree.swift */,
				D0954449269473680097F630 /* Main.storyboard */,
				D095444C2694736A0097F630 /* Assets.xcassets */,
				D095444E2694736A0097F630 /* LaunchScreen.storyboard */,
				D09544512694736A0097F630 /* Info.plist */,
				D09544642696CCF30097F630 /* MyPlayground.playground */,
				D09544622696CC4F0097F630 /* Test.playground */,
			);
			path = ALG;
			sourceTree = "<group>";
		};
/* End PBXGroup section */

/* Begin PBXNativeTarget section */
		D095443F269473680097F630 /* ALG */ = {
			isa = PBXNativeTarget;
			buildConfigurationList = D09544542694736A0097F630 /* Build configuration list for PBXNativeTarget "ALG" */;
			buildPhases = (
				D095443C269473680097F630 /* Sources */,
				D095443D269473680097F630 /* Frameworks */,
				D095443E269473680097F630 /* Resources */,
			);
			buildRules = (
			);
			dependencies = (
			);
			name = ALG;
			productName = ALG;
			productReference = D0954440269473680097F630 /* ALG.app */;
			productType = "com.apple.product-type.application";
		};
/* End PBXNativeTarget section */

/* Begin PBXProject section */
		D0954438269473680097F630 /* Project object */ = {
			isa = PBXProject;
			attributes = {
				LastSwiftUpdateCheck = 1240;
				LastUpgradeCheck = 1240;
				TargetAttributes = {
					D095443F269473680097F630 = {
						CreatedOnToolsVersion = 12.4;
					};
				};
			};
			buildConfigurationList = D095443B269473680097F630 /* Build configuration list for PBXProject "ALG" */;
			compatibilityVersion = "Xcode 9.3";
			developmentRegion = en;
			hasScannedForEncodings = 0;
			knownRegions = (
				en,
				Base,
			);
			mainGroup = D0954437269473680097F630;
			productRefGroup = D0954441269473680097F630 /* Products */;
			projectDirPath = "";
			projectRoot = "";
			targets = (
				D095443F269473680097F630 /* ALG */,
			);
		};
/* End PBXProject section */

/* Begin PBXResourcesBuildPhase section */
		D095443E269473680097F630 /* Resources */ = {
			isa = PBXResourcesBuildPhase;
			buildActionMask = 2147483647;
			files = (
				D09544502694736A0097F630 /* LaunchScreen.storyboard in Resources */,
				D095444D2694736A0097F630 /* Assets.xcassets in Resources */,
				D095444B269473680097F630 /* Main.storyboard in Resources */,
			);
			runOnlyForDeploymentPostprocessing = 0;
		};
/* End PBXResourcesBuildPhase section */

/* Begin PBXSourcesBuildPhase section */
		D095443C269473680097F630 /* Sources */ = {
			isa = PBXSourcesBuildPhase;
			buildActionMask = 2147483647;
			files = (
				C63A12CE269B12F7002C000B /* Tree.swift in Sources */,
				D0954448269473680097F630 /* ViewController.swift in Sources */,
				C63A12CB269B1226002C000B /* Hash.swift in Sources */,
				D0954459269473B40097F630 /* Array.swift in Sources */,
				D095445D2695A0FA0097F630 /* String.swift in Sources */,
				D0954444269473680097F630 /* AppDelegate.swift in Sources */,
				D0954446269473680097F630 /* SceneDelegate.swift in Sources */,
			);
			runOnlyForDeploymentPostprocessing = 0;
		};
/* End PBXSourcesBuildPhase section */

/* Begin PBXVariantGroup section */
		D0954449269473680097F630 /* Main.storyboard */ = {
			isa = PBXVariantGroup;
			children = (
				D095444A269473680097F630 /* Base */,
			);
			name = Main.storyboard;
			sourceTree = "<group>";
		};
		D095444E2694736A0097F630 /* LaunchScreen.storyboard */ = {
			isa = PBXVariantGroup;
			children = (
				D095444F2694736A0097F630 /* Base */,
			);
			name = LaunchScreen.storyboard;
			sourceTree = "<group>";
		};
/* End PBXVariantGroup section */

/* Begin XCBuildConfiguration section */
		D09544522694736A0097F630 /* Debug */ = {
			isa = XCBuildConfiguration;
			buildSettings = {
				ALWAYS_SEARCH_USER_PATHS = NO;
				CLANG_ANALYZER_NONNULL = YES;
				CLANG_ANALYZER_NUMBER_OBJECT_CONVERSION = YES_AGGRESSIVE;
				CLANG_CXX_LANGUAGE_STANDARD = "gnu++14";
				CLANG_CXX_LIBRARY = "libc++";
				CLANG_ENABLE_MODULES = YES;
				CLANG_ENABLE_OBJC_ARC = YES;
				CLANG_ENABLE_OBJC_WEAK = YES;
				CLANG_WARN_BLOCK_CAPTURE_AUTORELEASING = YES;
				CLANG_WARN_BOOL_CONVERSION = YES;
				CLANG_WARN_COMMA = YES;
				CLANG_WARN_CONSTANT_CONVERSION = YES;
				CLANG_WARN_DEPRECATED_OBJC_IMPLEMENTATIONS = YES;
				CLANG_WARN_DIRECT_OBJC_ISA_USAGE = YES_ERROR;
				CLANG_WARN_DOCUMENTATION_COMMENTS = YES;
				CLANG_WARN_EMPTY_BODY = YES;
				CLANG_WARN_ENUM_CONVERSION = YES;
				CLANG_WARN_INFINITE_RECURSION = YES;
				CLANG_WARN_INT_CONVERSION = YES;
				CLANG_WARN_NON_LITERAL_NULL_CONVERSION = YES;
				CLANG_WARN_OBJC_IMPLICIT_RETAIN_SELF = YES;
				CLANG_WARN_OBJC_LITERAL_CONVERSION = YES;
				CLANG_WARN_OBJC_ROOT_CLASS = YES_ERROR;
				CLANG_WARN_QUOTED_INCLUDE_IN_FRAMEWORK_HEADER = YES;
				CLANG_WARN_RANGE_LOOP_ANALYSIS = YES;
				CLANG_WARN_STRICT_PROTOTYPES = YES;
				CLANG_WARN_SUSPICIOUS_MOVE = YES;
				CLANG_WARN_UNGUARDED_AVAILABILITY = YES_AGGRESSIVE;
				CLANG_WARN_UNREACHABLE_CODE = YES;
				CLANG_WARN__DUPLICATE_METHOD_MATCH = YES;
				COPY_PHASE_STRIP = NO;
				DEBUG_INFORMATION_FORMAT = dwarf;
				ENABLE_STRICT_OBJC_MSGSEND = YES;
				ENABLE_TESTABILITY = YES;
				GCC_C_LANGUAGE_STANDARD = gnu11;
				GCC_DYNAMIC_NO_PIC = NO;
				GCC_NO_COMMON_BLOCKS = YES;
				GCC_OPTIMIZATION_LEVEL = 0;
				GCC_PREPROCESSOR_DEFINITIONS = (
					"DEBUG=1",
					"$(inherited)",
				);
				GCC_WARN_64_TO_32_BIT_CONVERSION = YES;
				GCC_WARN_ABOUT_RETURN_TYPE = YES_ERROR;
				GCC_WARN_UNDECLARED_SELECTOR = YES;
				GCC_WARN_UNINITIALIZED_AUTOS = YES_AGGRESSIVE;
				GCC_WARN_UNUSED_FUNCTION = YES;
				GCC_WARN_UNUSED_VARIABLE = YES;
				IPHONEOS_DEPLOYMENT_TARGET = 14.4;
				MTL_ENABLE_DEBUG_INFO = INCLUDE_SOURCE;
				MTL_FAST_MATH = YES;
				ONLY_ACTIVE_ARCH = YES;
				SDKROOT = iphoneos;
				SWIFT_ACTIVE_COMPILATION_CONDITIONS = DEBUG;
				SWIFT_OPTIMIZATION_LEVEL = "-Onone";
			};
			name = Debug;
		};
		D09544532694736A0097F630 /* Release */ = {
			isa = XCBuildConfiguration;
			buildSettings = {
				ALWAYS_SEARCH_USER_PATHS = NO;
				CLANG_ANALYZER_NONNULL = YES;
				CLANG_ANALYZER_NUMBER_OBJECT_CONVERSION = YES_AGGRESSIVE;
				CLANG_CXX_LANGUAGE_STANDARD = "gnu++14";
				CLANG_CXX_LIBRARY = "libc++";
				CLANG_ENABLE_MODULES = YES;
				CLANG_ENABLE_OBJC_ARC = YES;
				CLANG_ENABLE_OBJC_WEAK = YES;
				CLANG_WARN_BLOCK_CAPTURE_AUTORELEASING = YES;
				CLANG_WARN_BOOL_CONVERSION = YES;
				CLANG_WARN_COMMA = YES;
				CLANG_WARN_CONSTANT_CONVERSION = YES;
				CLANG_WARN_DEPRECATED_OBJC_IMPLEMENTATIONS = YES;
				CLANG_WARN_DIRECT_OBJC_ISA_USAGE = YES_ERROR;
				CLANG_WARN_DOCUMENTATION_COMMENTS = YES;
				CLANG_WARN_EMPTY_BODY = YES;
				CLANG_WARN_ENUM_CONVERSION = YES;
				CLANG_WARN_INFINITE_RECURSION = YES;
				CLANG_WARN_INT_CONVERSION = YES;
				CLANG_WARN_NON_LITERAL_NULL_CONVERSION = YES;
				CLANG_WARN_OBJC_IMPLICIT_RETAIN_SELF = YES;
				CLANG_WARN_OBJC_LITERAL_CONVERSION = YES;
				CLANG_WARN_OBJC_ROOT_CLASS = YES_ERROR;
				CLANG_WARN_QUOTED_INCLUDE_IN_FRAMEWORK_HEADER = YES;
				CLANG_WARN_RANGE_LOOP_ANALYSIS = YES;
				CLANG_WARN_STRICT_PROTOTYPES = YES;
				CLANG_WARN_SUSPICIOUS_MOVE = YES;
				CLANG_WARN_UNGUARDED_AVAILABILITY = YES_AGGRESSIVE;
				CLANG_WARN_UNREACHABLE_CODE = YES;
				CLANG_WARN__DUPLICATE_METHOD_MATCH = YES;
				COPY_PHASE_STRIP = NO;
				DEBUG_INFORMATION_FORMAT = "dwarf-with-dsym";
				ENABLE_NS_ASSERTIONS = NO;
				ENABLE_STRICT_OBJC_MSGSEND = YES;
				GCC_C_LANGUAGE_STANDARD = gnu11;
				GCC_NO_COMMON_BLOCKS = YES;
				GCC_WARN_64_TO_32_BIT_CONVERSION = YES;
				GCC_WARN_ABOUT_RETURN_TYPE = YES_ERROR;
				GCC_WARN_UNDECLARED_SELECTOR = YES;
				GCC_WARN_UNINITIALIZED_AUTOS = YES_AGGRESSIVE;
				GCC_WARN_UNUSED_FUNCTION = YES;
				GCC_WARN_UNUSED_VARIABLE = YES;
				IPHONEOS_DEPLOYMENT_TARGET = 14.4;
				MTL_ENABLE_DEBUG_INFO = NO;
				MTL_FAST_MATH = YES;
				SDKROOT = iphoneos;
				SWIFT_COMPILATION_MODE = wholemodule;
				SWIFT_OPTIMIZATION_LEVEL = "-O";
				VALIDATE_PRODUCT = YES;
			};
			name = Release;
		};
		D09544552694736A0097F630 /* Debug */ = {
			isa = XCBuildConfiguration;
			buildSettings = {
				ASSETCATALOG_COMPILER_APPICON_NAME = AppIcon;
				ASSETCATALOG_COMPILER_GLOBAL_ACCENT_COLOR_NAME = AccentColor;
				CODE_SIGN_STYLE = Automatic;
				DEVELOPMENT_TEAM = JJ929W4CJ9;
				INFOPLIST_FILE = ALG/Info.plist;
				LD_RUNPATH_SEARCH_PATHS = (
					"$(inherited)",
					"@executable_path/Frameworks",
				);
				PRODUCT_BUNDLE_IDENTIFIER = com.jarmon.ALG;
				PRODUCT_NAME = "$(TARGET_NAME)";
				SWIFT_VERSION = 5.0;
				TARGETED_DEVICE_FAMILY = "1,2";
			};
			name = Debug;
		};
		D09544562694736A0097F630 /* Release */ = {
			isa = XCBuildConfiguration;
			buildSettings = {
				ASSETCATALOG_COMPILER_APPICON_NAME = AppIcon;
				ASSETCATALOG_COMPILER_GLOBAL_ACCENT_COLOR_NAME = AccentColor;
				CODE_SIGN_STYLE = Automatic;
				DEVELOPMENT_TEAM = JJ929W4CJ9;
				INFOPLIST_FILE = ALG/Info.plist;
				LD_RUNPATH_SEARCH_PATHS = (
					"$(inherited)",
					"@executable_path/Frameworks",
				);
				PRODUCT_BUNDLE_IDENTIFIER = com.jarmon.ALG;
				PRODUCT_NAME = "$(TARGET_NAME)";
				SWIFT_VERSION = 5.0;
				TARGETED_DEVICE_FAMILY = "1,2";
			};
			name = Release;
		};
/* End XCBuildConfiguration section */

/* Begin XCConfigurationList section */
		D095443B269473680097F630 /* Build configuration list for PBXProject "ALG" */ = {
			isa = XCConfigurationList;
			buildConfigurations = (
				D09544522694736A0097F630 /* Debug */,
				D09544532694736A0097F630 /* Release */,
			);
			defaultConfigurationIsVisible = 0;
			defaultConfigurationName = Release;
		};
		D09544542694736A0097F630 /* Build configuration list for PBXNativeTarget "ALG" */ = {
			isa = XCConfigurationList;
			buildConfigurations = (
				D09544552694736A0097F630 /* Debug */,
				D09544562694736A0097F630 /* Release */,
			);
			defaultConfigurationIsVisible = 0;
			defaultConfigurationName = Release;
		};
/* End XCConfigurationList section */
	};
	rootObject = D0954438269473680097F630 /* Project object */;
}
